
Microsoft Visual Studio Solution File, Format Version 12.00
# Visual Studio Version 16
VisualStudioVersion = 16.0.28729.10
MinimumVisualStudioVersion = 10.0.40219.1
Project("{FAE04EC0-301F-11D3-BF4B-00C04F79EFBC}") = "LY.WMS.Framework", "LY.WMS.Framework\LY.WMS.Framework.csproj", "{AE3BFC9E-A46C-4B75-AD5B-F5900F576060}"
EndProject
Project("{FAE04EC0-301F-11D3-BF4B-00C04F79EFBC}") = "LY.WMS.WebService", "LY.WMS.WebService\LY.WMS.WebService.csproj", "{6BC2BC21-21FC-42EA-820A-40591AF2A4B3}"
EndProject
Global
	GlobalSection(SolutionConfigurationPlatforms) = preSolution
		Debug|Any CPU = Debug|Any CPU
		Release|Any CPU = Release|Any CPU
	EndGlobalSection
	GlobalSection(ProjectConfigurationPlatforms) = postSolution
		{AE3BFC9E-A46C-4B75-AD5B-F5900F576060}.Debug|Any CPU.ActiveCfg = Debug|Any CPU
		{AE3BFC9E-A46C-4B75-AD5B-F5900F576060}.Debug|Any CPU.Build.0 = Debug|Any CPU
		{AE3BFC9E-A46C-4B75-AD5B-F5900F576060}.Release|Any CPU.ActiveCfg = Release|Any CPU
		{AE3BFC9E-A46C-4B75-AD5B-F5900F576060}.Release|Any CPU.Build.0 = Release|Any CPU
		{6BC2BC21-21FC-42EA-820A-40591AF2A4B3}.Debug|Any CPU.ActiveCfg = Debug|Any CPU
		{6BC2BC21-21FC-42EA-820A-40591AF2A4B3}.Debug|Any CPU.Build.0 = Debug|Any CPU
		{6BC2BC21-21FC-42EA-820A-40591AF2A4B3}.Release|Any CPU.ActiveCfg = Release|Any CPU
		{6BC2BC21-21FC-42EA-820A-40591AF2A4B3}.Release|Any CPU.Build.0 = Release|Any CPU
	EndGlobalSection
	GlobalSection(SolutionProperties) = preSolution
		HideSolutionNode = FALSE
	EndGlobalSection
	GlobalSection(ExtensibilityGlobals) = postSolution
		SolutionGuid = {D1254C2A-70BE-4EC3-8C6C-AA0D9382AA83}
	EndGlobalSection
EndGlobal
